version = 1
revision = 3
requires-python = ">=3.11"

[[package]]
name = "colorama"
version = "0.4.6"
source = { registry = "https://pypi.org/simple" }
sdist = { url = "https://files.pythonhosted.org/packages/d8/53/6f443c9a4a8358a93a6792e2acffb9d9d5cb0a5cfd8802644b7b1c9a02e4/colorama-0.4.6.tar.gz", hash = "sha256:08695f5cb7ed6e0531a20572697297273c47b8cae5a63ffc6d6ed5c201be6e44", size = 27697, upload-time = "2022-10-25T02:36:22.414Z" }
wheels = [
    { url = "https://files.pythonhosted.org/packages/d1/d6/3965ed04c63042e047cb6a3e6ed1a63a35087b6a609aa3a15ed8ac56c221/colorama-0.4.6-py2.py3-none-any.whl", hash = "sha256:4f1d9991f5acc0ca119f9d443620b77f9d6b33703e51011c16baf57afb285fc6", size = 25335, upload-time = "2022-10-25T02:36:20.889Z" },
]

[[package]]
name = "iniconfig"
version = "2.3.0"
source = { registry = "https://pypi.org/simple" }
sdist = { url = "https://files.pythonhosted.org/packages/72/34/14ca021ce8e5dfedc35312d08ba8bf51fdd999c576889fc2c24cb97f4f10/iniconfig-2.3.0.tar.gz", hash = "sha256:c76315c77db068650d49c5b56314774a7804df16fee4402c1f19d6d15d8c4730", size = 20503, upload-time = "2025-10-18T21:55:43.219Z" }
wheels = [
    { url = "https://files.pythonhosted.org/packages/cb/b1/3846dd7f199d53cb17f49cba7e651e9ce294d8497c8c150530ed11865bb8/iniconfig-2.3.0-py3-none-any.whl", hash = "sha256:f631c04d2c48c52b84d0d0549c99ff3859c98df65b3101406327ecc7d53fbf12", size = 7484, upload-time = "2025-10-18T21:55:41.639Z" },
]

[[package]]
name = "packaging"
version = "25.0"
source = { registry = "https://pypi.org/simple" }
sdist = { url = "https://files.pythonhosted.org/packages/a1/d4/1fc4078c65507b51b96ca8f8c3ba19e6a61c8253c72794544580a7b6c24d/packaging-25.0.tar.gz", hash = "sha256:d443872c98d677bf60f6a1f2f8c1cb748e8fe762d2bf9d3148b5599295b0fc4f", size = 165727, upload-time = "2025-04-19T11:48:59.673Z" }
wheels = [
    { url = "https://files.pythonhosted.org/packages/20/12/38679034af332785aac8774540895e234f4d07f7545804097de4b666afd8/packaging-25.0-py3-none-any.whl", hash = "sha256:29572ef2b1f17581046b3a2227d5c611fb25ec70ca1ba8554b24b0e69331a484", size = 66469, upload-time = "2025-04-19T11:48:57.875Z" },
]

[[package]]
name = "pluggy"
version = "1.6.0"
source = { registry = "https://pypi.org/simple" }
sdist = { url = "https://files.pythonhosted.org/packages/f9/e2/3e91f31a7d2b083fe6ef3fa267035b518369d9511ffab804f839851d2779/pluggy-1.6.0.tar.gz", hash = "sha256:7dcc130b76258d33b90f61b658791dede3486c3e6bfb003ee5c9bfb396dd22f3", size = 69412, upload-time = "2025-05-15T12:30:07.975Z" }
wheels = [
    { url = "https://files.pythonhosted.org/packages/54/20/4d324d65cc6d9205fabedc306948156824eb9f0ee1633355a8f7ec5c66bf/pluggy-1.6.0-py3-none-any.whl", hash = "sha256:e920276dd6813095e9377c0bc5566d94c932c33b27a3e3945d8389c374dd4746", size = 20538, upload-time = "2025-05-15T12:30:06.134Z" },
]

[[package]]
name = "pygments"
version = "2.19.2"
source = { registry = "https://pypi.org/simple" }
sdist = { url = "https://files.pythonhosted.org/packages/b0/77/a5b8c569bf593b0140bde72ea885a803b82086995367bf2037de0159d924/pygments-2.19.2.tar.gz", hash = "sha256:636cb2477cec7f8952536970bc533bc43743542f70392ae026374600add5b887", size = 4968631, upload-time = "2025-06-21T13:39:12.283Z" }
wheels = [
    { url = "https://files.pythonhosted.org/packages/c7/21/705964c7812476f378728bdf590ca4b771ec72385c533964653c68e86bdc/pygments-2.19.2-py3-none-any.whl", hash = "sha256:86540386c03d588bb81d44bc3928634ff26449851e99741617ecb9037ee5ec0b", size = 1225217, upload-time = "2025-06-21T13:39:07.939Z" },
]

[[package]]
name = "pytest"
version = "9.0.2"
source = { registry = "https://pypi.org/simple" }
dependencies = [
    { name = "colorama", marker = "sys_platform == 'win32'" },
    { name = "iniconfig" },
    { name = "packaging" },
    { name = "pluggy" },
    { name = "pygments" },
]
sdist = { url = "https://files.pythonhosted.org/packages/d1/db/7ef3487e0fb0049ddb5ce41d3a49c235bf9ad299b6a25d5780a89f19230f/pytest-9.0.2.tar.gz", hash = "sha256:75186651a92bd89611d1d9fc20f0b4345fd827c41ccd5c299a868a05d70edf11", size = 1568901, upload-time = "2025-12-06T21:30:51.014Z" }
wheels = [
    { url = "https://files.pythonhosted.org/packages/3b/ab/b3226f0bd7cdcf710fbede2b3548584366da3b19b5021e74f5bde2a8fa3f/pytest-9.0.2-py3-none-any.whl", hash = "sha256:711ffd45bf766d5264d487b917733b453d917afd2b0ad65223959f59089f875b", size = 374801, upload-time = "2025-12-06T21:30:49.154Z" },
]

[[package]]
name = "sqlite3-wasm"
version = "0.1.0"
source = { editable = "." }
dependencies = [
    { name = "wasmtime" },
]

[package.dev-dependencies]
dev = [
    { name = "pytest" },
]

[package.metadata]
requires-dist = [{ name = "wasmtime", specifier = ">=40.0.0" }]

[package.metadata.requires-dev]
dev = [{ name = "pytest", specifier = ">=9.0.2" }]

[[package]]
name = "wasmtime"
version = "40.0.0"
source = { registry = "https://pypi.org/simple" }
sdist = { url = "https://files.pythonhosted.org/packages/ab/96/3e7e9b4c5b9d3071b469502d0c4418d1492e5ce52bbf5b985703b08c6892/wasmtime-40.0.0.tar.gz", hash = "sha256:48417c59f13be145184cff61fef61bb52556ea0e7417c25bec09af2d859745ab", size = 117370, upload-time = "2025-12-22T16:30:39.179Z" }
wheels = [
    { url = "https://files.pythonhosted.org/packages/2c/19/da6935d495d5bf5a1defa261c183af3e624b6684bfe8d54a0aa4caf238b6/wasmtime-40.0.0-py3-none-android_26_arm64_v8a.whl", hash = "sha256:f81dcd8850c66bbe8da53774515bd255a18fce595899e9d851f9969d48d7f592", size = 6894176, upload-time = "2025-12-22T16:30:23.962Z" },
    { url = "https://files.pythonhosted.org/packages/bf/20/2d6afa0e102e85745a3f637e399151f725e836e91c1cd8304bf8cda6eb8f/wasmtime-40.0.0-py3-none-android_26_x86_64.whl", hash = "sha256:b462e868f9af4bc69ee353e2cebb3ea5c14984f07b703e3dfc208697ac798fc9", size = 7735017, upload-time = "2025-12-22T16:30:25.709Z" },
    { url = "https://files.pythonhosted.org/packages/ac/fa/4d061d3b54d8b550c1a043d197380dd54fb1954c58363b914c061fa7a86e/wasmtime-40.0.0-py3-none-any.whl", hash = "sha256:b7532706094f768fcab15fa0cf8c57278f7bc2770a32a74b98e3be7db0984e56", size = 6297908, upload-time = "2025-12-22T16:30:27.164Z" },
    { url = "https://files.pythonhosted.org/packages/64/33/10a68779d53557a7d441b40106a7ea0085e9b0af9d82466082cafa890258/wasmtime-40.0.0-py3-none-macosx_10_13_x86_64.whl", hash = "sha256:e2f374948982a749e5c64de04d1a322ecc79ffd633e0f269c47567c3834c4836", size = 7507846, upload-time = "2025-12-22T16:30:28.312Z" },
    { url = "https://files.pythonhosted.org/packages/2c/5f/ef035900032a5012aad368017abf2a7b626aed38b31e8f35c3266a3a3676/wasmtime-40.0.0-py3-none-macosx_11_0_arm64.whl", hash = "sha256:fd2d37071c493377b7c4b27e5d1fe2154f4434fbb6af70f1dce9969f287dac62", size = 6533509, upload-time = "2025-12-22T16:30:29.99Z" },
    { url = "https://files.pythonhosted.org/packages/01/bb/8f6dd6a213706a101c7c598609015648fbd82bd34455cabdec300c304d8c/wasmtime-40.0.0-py3-none-manylinux1_x86_64.whl", hash = "sha256:d1ad1be984bea3f2325e67258bc9d6d2d4520cfdbcc3b0ae752c8b4817d0212c", size = 7798564, upload-time = "2025-12-22T16:30:31.649Z" },
    { url = "https://files.pythonhosted.org/packages/a8/d2/d6f1b1f22da240c14bc60459677fbc13cd630260a2c5eac9737dbde63bb5/wasmtime-40.0.0-py3-none-manylinux2014_aarch64.whl", hash = "sha256:3e711b1049ac95f5f34c945b827311c5d382236af5e535a880a26b8861e85aae", size = 6815182, upload-time = "2025-12-22T16:30:33.154Z" },
    { url = "https://files.pythonhosted.org/packages/be/9f/401934f38c6a6559d2be12180793f18c7c726938a1d207fcfc20a8d4091b/wasmtime-40.0.0-py3-none-musllinux_1_2_aarch64.whl", hash = "sha256:504a903099b0518d589db5c17ee6c95b207392c58a272081dc59c33d7000d11f", size = 6893582, upload-time = "2025-12-22T16:30:34.344Z" },
    { url = "https://files.pythonhosted.org/packages/9f/60/c9300d1146f577847aab879ec90d9da3bc7e20f62150386f08adc4aacf41/wasmtime-40.0.0-py3-none-musllinux_1_2_x86_64.whl", hash = "sha256:fee1be5dea191e8350db2e00ff0e57205b9c2d552c6537d736c5c9c75b1470da", size = 7831639, upload-time = "2025-12-22T16:30:35.6Z" },
    { url = "https://files.pythonhosted.org/packages/85/be/2f81a31430f02f57602ae1b4ff0e369b3cbd07c2fcdd0b696b75e9bfc30a/wasmtime-40.0.0-py3-none-win_amd64.whl", hash = "sha256:ebce72e82d1d18726ce3e769094fd8b1d9fc9a1d310cd87c6a85d3ce48fa6567", size = 6297915, upload-time = "2025-12-22T16:30:36.878Z" },
    { url = "https://files.pythonhosted.org/packages/d2/87/35cbfdf9619c958a8b48f2ad083b88abc1521d771bfab668002e4405a1da/wasmtime-40.0.0-py3-none-win_arm64.whl", hash = "sha256:7667966236bba5e80a1c454553e566a1fa700328bc3e65b5ca970bee7e177e57", size = 5398931, upload-time = "2025-12-22T16:30:38.047Z" },
]
